// !$*UTF8*$!
{
	archiveVersion = 1;
	classes = {
	};
	objectVersion = 50;
	objects = {

/* Begin PBXBuildFile section */
		B291382421AF33CF0024BCC1 /* LoginViewController.swift in Sources */ = {isa = PBXBuildFile; fileRef = B291382321AF33CF0024BCC1 /* LoginViewController.swift */; };
		B291382621AF347E0024BCC1 /* RegistrationViewController.swift in Sources */ = {isa = PBXBuildFile; fileRef = B291382521AF347E0024BCC1 /* RegistrationViewController.swift */; };
		B2B2AFFD21ADEA5E006E390E /* AppDelegate.swift in Sources */ = {isa = PBXBuildFile; fileRef = B2B2AFFC21ADEA5E006E390E /* AppDelegate.swift */; };
		B2B2B00421ADEA60006E390E /* Assets.xcassets in Resources */ = {isa = PBXBuildFile; fileRef = B2B2B00321ADEA60006E390E /* Assets.xcassets */; };
		B2B2B00721ADEA60006E390E /* LaunchScreen.storyboard in Resources */ = {isa = PBXBuildFile; fileRef = B2B2B00521ADEA60006E390E /* LaunchScreen.storyboard */; };
		B2B2B00F21ADEADC006E390E /* Start.storyboard in Resources */ = {isa = PBXBuildFile; fileRef = B2B2B00E21ADEADC006E390E /* Start.storyboard */; };
/* End PBXBuildFile section */

/* Begin PBXFileReference section */
		B291382321AF33CF0024BCC1 /* LoginViewController.swift */ = {isa = PBXFileReference; lastKnownFileType = sourcecode.swift; path = LoginViewController.swift; sourceTree = "<group>"; };
		B291382521AF347E0024BCC1 /* RegistrationViewController.swift */ = {isa = PBXFileReference; lastKnownFileType = sourcecode.swift; path = RegistrationViewController.swift; sourceTree = "<group>"; };
		B2B2AFF921ADEA5E006E390E /* InstagramKloneApp.app */ = {isa = PBXFileReference; explicitFileType = wrapper.application; includeInIndex = 0; path = InstagramKloneApp.app; sourceTree = BUILT_PRODUCTS_DIR; };
		B2B2AFFC21ADEA5E006E390E /* AppDelegate.swift */ = {isa = PBXFileReference; lastKnownFileType = sourcecode.swift; path = AppDelegate.swift; sourceTree = "<group>"; };
		B2B2B00321ADEA60006E390E /* Assets.xcassets */ = {isa = PBXFileReference; lastKnownFileType = folder.assetcatalog; path = Assets.xcassets; sourceTree = "<group>"; };
		B2B2B00621ADEA60006E390E /* Base */ = {isa = PBXFileReference; lastKnownFileType = file.storyboard; name = Base; path = Base.lproj/LaunchScreen.storyboard; sourceTree = "<group>"; };
		B2B2B00821ADEA60006E390E /* Info.plist */ = {isa = PBXFileReference; lastKnownFileType = text.plist.xml; path = Info.plist; sourceTree = "<group>"; };
		B2B2B00E21ADEADC006E390E /* Start.storyboard */ = {isa = PBXFileReference; lastKnownFileType = file.storyboard; path = Start.storyboard; sourceTree = "<group>"; };
/* End PBXFileReference section */

/* Begin PBXFrameworksBuildPhase section */
		B2B2AFF621ADEA5E006E390E /* Frameworks */ = {
			isa = PBXFrameworksBuildPhase;
			buildActionMask = 2147483647;
			files = (
			);
			runOnlyForDeploymentPostprocessing = 0;
		};
/* End PBXFrameworksBuildPhase section */

/* Begin PBXGroup section */
		B2B2AFF021ADEA5E006E390E = {
			isa = PBXGroup;
			children = (
				B2B2AFFB21ADEA5E006E390E /* InstagramKloneApp */,
				B2B2AFFA21ADEA5E006E390E /* Products */,
			);
			sourceTree = "<group>";
		};
		B2B2AFFA21ADEA5E006E390E /* Products */ = {
			isa = PBXGroup;
			children = (
				B2B2AFF921ADEA5E006E390E /* InstagramKloneApp.app */,
			);
			name = Products;
			sourceTree = "<group>";
		};
		B2B2AFFB21ADEA5E006E390E /* InstagramKloneApp */ = {
			isa = PBXGroup;
			children = (
				B2B2AFFC21ADEA5E006E390E /* AppDelegate.swift */,
				B2B2B00321ADEA60006E390E /* Assets.xcassets */,
				B2B2B00521ADEA60006E390E /* LaunchScreen.storyboard */,
				B2B2B00821ADEA60006E390E /* Info.plist */,
				B2B2B00E21ADEADC006E390E /* Start.storyboard */,
				B291382321AF33CF0024BCC1 /* LoginViewController.swift */,
				B291382521AF347E0024BCC1 /* RegistrationViewController.swift */,
			);
			path = InstagramKloneApp;
			sourceTree = "<group>";
		};
/* End PBXGroup section */

/* Begin PBXNativeTarget section */
		B2B2AFF821ADEA5E006E390E /* InstagramKloneApp */ = {
			isa = PBXNativeTarget;
			buildConfigurationList = B2B2B00B21ADEA60006E390E /* Build configuration list for PBXNativeTarget "InstagramKloneApp" */;
			buildPhases = (
				B2B2AFF521ADEA5E006E390E /* Sources */,
				B2B2AFF621ADEA5E006E390E /* Frameworks */,
				B2B2AFF721ADEA5E006E390E /* Resources */,
			);
			buildRules = (
			);
			dependencies = (
			);
			name = InstagramKloneApp;
			productName = InstagramKloneApp;
			productReference = B2B2AFF921ADEA5E006E390E /* InstagramKloneApp.app */;
			productType = "com.apple.product-type.application";
		};
/* End PBXNativeTarget section */

/* Begin PBXProject section */
		B2B2AFF121ADEA5E006E390E /* Project object */ = {
			isa = PBXProject;
			attributes = {
				LastSwiftUpdateCheck = 1010;
				LastUpgradeCheck = 1010;
				ORGANIZATIONNAME = "Dieter Bergmann";
				TargetAttributes = {
					B2B2AFF821ADEA5E006E390E = {
						CreatedOnToolsVersion = 10.1;
					};
				};
			};
			buildConfigurationList = B2B2AFF421ADEA5E006E390E /* Build configuration list for PBXProject "InstagramKloneApp" */;
			compatibilityVersion = "Xcode 9.3";
			developmentRegion = en;
			hasScannedForEncodings = 0;
			knownRegions = (
				en,
				Base,
			);
			mainGroup = B2B2AFF021ADEA5E006E390E;
			productRefGroup = B2B2AFFA21ADEA5E006E390E /* Products */;
			projectDirPath = "";
			projectRoot = "";
			targets = (
				B2B2AFF821ADEA5E006E390E /* InstagramKloneApp */,
			);
		};
/* End PBXProject section */

/* Begin PBXResourcesBuildPhase section */
		B2B2AFF721ADEA5E006E390E /* Resources */ = {
			isa = PBXResourcesBuildPhase;
			buildActionMask = 2147483647;
			files = (
				B2B2B00721ADEA60006E390E /* LaunchScreen.storyboard in Resources */,
				B2B2B00421ADEA60006E390E /* Assets.xcassets in Resources */,
				B2B2B00F21ADEADC006E390E /* Start.storyboard in Resources */,
			);
			runOnlyForDeploymentPostprocessing = 0;
		};
/* End PBXResourcesBuildPhase section */

/* Begin PBXSourcesBuildPhase section */
		B2B2AFF521ADEA5E006E390E /* Sources */ = {
			isa = PBXSourcesBuildPhase;
			buildActionMask = 2147483647;
			files = (
				B291382621AF347E0024BCC1 /* RegistrationViewController.swift in Sources */,
				B291382421AF33CF0024BCC1 /* LoginViewController.swift in Sources */,
				B2B2AFFD21ADEA5E006E390E /* AppDelegate.swift in Sources */,
			);
			runOnlyForDeploymentPostprocessing = 0;
		};
/* End PBXSourcesBuildPhase section */

/* Begin PBXVariantGroup section */
		B2B2B00521ADEA60006E390E /* LaunchScreen.storyboard */ = {
			isa = PBXVariantGroup;
			children = (
				B2B2B00621ADEA60006E390E /* Base */,
			);
			name = LaunchScreen.storyboard;
			sourceTree = "<group>";
		};
/* End PBXVariantGroup section */

/* Begin XCBuildConfiguration section */
		B2B2B00921ADEA60006E390E /* Debug */ = {
			isa = XCBuildConfiguration;
			buildSettings = {
				ALWAYS_SEARCH_USER_PATHS = NO;
				CLANG_ANALYZER_NONNULL = YES;
				CLANG_ANALYZER_NUMBER_OBJECT_CONVERSION = YES_AGGRESSIVE;
				CLANG_CXX_LANGUAGE_STANDARD = "gnu++14";
				CLANG_CXX_LIBRARY = "libc++";
				CLANG_ENABLE_MODULES = YES;
				CLANG_ENABLE_OBJC_ARC = YES;
				CLANG_ENABLE_OBJC_WEAK = YES;
				CLANG_WARN_BLOCK_CAPTURE_AUTORELEASING = YES;
				CLANG_WARN_BOOL_CONVERSION = YES;
				CLANG_WARN_COMMA = YES;
				CLANG_WARN_CONSTANT_CONVERSION = YES;
				CLANG_WARN_DEPRECATED_OBJC_IMPLEMENTATIONS = YES;
				CLANG_WARN_DIRECT_OBJC_ISA_USAGE = YES_ERROR;
				CLANG_WARN_DOCUMENTATION_COMMENTS = YES;
				CLANG_WARN_EMPTY_BODY = YES;
				CLANG_WARN_ENUM_CONVERSION = YES;
				CLANG_WARN_INFINITE_RECURSION = YES;
				CLANG_WARN_INT_CONVERSION = YES;
				CLANG_WARN_NON_LITERAL_NULL_CONVERSION = YES;
				CLANG_WARN_OBJC_IMPLICIT_RETAIN_SELF = YES;
				CLANG_WARN_OBJC_LITERAL_CONVERSION = YES;
				CLANG_WARN_OBJC_ROOT_CLASS = YES_ERROR;
				CLANG_WARN_RANGE_LOOP_ANALYSIS = YES;
				CLANG_WARN_STRICT_PROTOTYPES = YES;
				CLANG_WARN_SUSPICIOUS_MOVE = YES;
				CLANG_WARN_UNGUARDED_AVAILABILITY = YES_AGGRESSIVE;
				CLANG_WARN_UNREACHABLE_CODE = YES;
				CLANG_WARN__DUPLICATE_METHOD_MATCH = YES;
				CODE_SIGN_IDENTITY = "iPhone Developer";
				COPY_PHASE_STRIP = NO;
				DEBUG_INFORMATION_FORMAT = dwarf;
				ENABLE_STRICT_OBJC_MSGSEND = YES;
				ENABLE_TESTABILITY = YES;
				GCC_C_LANGUAGE_STANDARD = gnu11;
				GCC_DYNAMIC_NO_PIC = NO;
				GCC_NO_COMMON_BLOCKS = YES;
				GCC_OPTIMIZATION_LEVEL = 0;
				GCC_PREPROCESSOR_DEFINITIONS = (
					"DEBUG=1",
					"$(inherited)",
				);
				GCC_WARN_64_TO_32_BIT_CONVERSION = YES;
				GCC_WARN_ABOUT_RETURN_TYPE = YES_ERROR;
				GCC_WARN_UNDECLARED_SELECTOR = YES;
				GCC_WARN_UNINITIALIZED_AUTOS = YES_AGGRESSIVE;
				GCC_WARN_UNUSED_FUNCTION = YES;
				GCC_WARN_UNUSED_VARIABLE = YES;
				IPHONEOS_DEPLOYMENT_TARGET = 12.1;
				MTL_ENABLE_DEBUG_INFO = INCLUDE_SOURCE;
				MTL_FAST_MATH = YES;
				ONLY_ACTIVE_ARCH = YES;
				SDKROOT = iphoneos;
				SWIFT_ACTIVE_COMPILATION_CONDITIONS = DEBUG;
				SWIFT_OPTIMIZATION_LEVEL = "-Onone";
			};
			name = Debug;
		};
		B2B2B00A21ADEA60006E390E /* Release */ = {
			isa = XCBuildConfiguration;
			buildSettings = {
				ALWAYS_SEARCH_USER_PATHS = NO;
				CLANG_ANALYZER_NONNULL = YES;
				CLANG_ANALYZER_NUMBER_OBJECT_CONVERSION = YES_AGGRESSIVE;
				CLANG_CXX_LANGUAGE_STANDARD = "gnu++14";
				CLANG_CXX_LIBRARY = "libc++";
				CLANG_ENABLE_MODULES = YES;
				CLANG_ENABLE_OBJC_ARC = YES;
				CLANG_ENABLE_OBJC_WEAK = YES;
				CLANG_WARN_BLOCK_CAPTURE_AUTORELEASING = YES;
				CLANG_WARN_BOOL_CONVERSION = YES;
				CLANG_WARN_COMMA = YES;
				CLANG_WARN_CONSTANT_CONVERSION = YES;
				CLANG_WARN_DEPRECATED_OBJC_IMPLEMENTATIONS = YES;
				CLANG_WARN_DIRECT_OBJC_ISA_USAGE = YES_ERROR;
				CLANG_WARN_DOCUMENTATION_COMMENTS = YES;
				CLANG_WARN_EMPTY_BODY = YES;
				CLANG_WARN_ENUM_CONVERSION = YES;
				CLANG_WARN_INFINITE_RECURSION = YES;
				CLANG_WARN_INT_CONVERSION = YES;
				CLANG_WARN_NON_LITERAL_NULL_CONVERSION = YES;
				CLANG_WARN_OBJC_IMPLICIT_RETAIN_SELF = YES;
				CLANG_WARN_OBJC_LITERAL_CONVERSION = YES;
				CLANG_WARN_OBJC_ROOT_CLASS = YES_ERROR;
				CLANG_WARN_RANGE_LOOP_ANALYSIS = YES;
				CLANG_WARN_STRICT_PROTOTYPES = YES;
				CLANG_WARN_SUSPICIOUS_MOVE = YES;
				CLANG_WARN_UNGUARDED_AVAILABILITY = YES_AGGRESSIVE;
				CLANG_WARN_UNREACHABLE_CODE = YES;
				CLANG_WARN__DUPLICATE_METHOD_MATCH = YES;
				CODE_SIGN_IDENTITY = "iPhone Developer";
				COPY_PHASE_STRIP = NO;
				DEBUG_INFORMATION_FORMAT = "dwarf-with-dsym";
				ENABLE_NS_ASSERTIONS = NO;
				ENABLE_STRICT_OBJC_MSGSEND = YES;
				GCC_C_LANGUAGE_STANDARD = gnu11;
				GCC_NO_COMMON_BLOCKS = YES;
				GCC_WARN_64_TO_32_BIT_CONVERSION = YES;
				GCC_WARN_ABOUT_RETURN_TYPE = YES_ERROR;
				GCC_WARN_UNDECLARED_SELECTOR = YES;
				GCC_WARN_UNINITIALIZED_AUTOS = YES_AGGRESSIVE;
				GCC_WARN_UNUSED_FUNCTION = YES;
				GCC_WARN_UNUSED_VARIABLE = YES;
				IPHONEOS_DEPLOYMENT_TARGET = 12.1;
				MTL_ENABLE_DEBUG_INFO = NO;
				MTL_FAST_MATH = YES;
				SDKROOT = iphoneos;
				SWIFT_COMPILATION_MODE = wholemodule;
				SWIFT_OPTIMIZATION_LEVEL = "-O";
				VALIDATE_PRODUCT = YES;
			};
			name = Release;
		};
		B2B2B00C21ADEA60006E390E /* Debug */ = {
			isa = XCBuildConfiguration;
			buildSettings = {
				ASSETCATALOG_COMPILER_APPICON_NAME = AppIcon;
				CODE_SIGN_STYLE = Automatic;
				DEVELOPMENT_TEAM = X73YKTXTQU;
				INFOPLIST_FILE = InstagramKloneApp/Info.plist;
				LD_RUNPATH_SEARCH_PATHS = (
					"$(inherited)",
					"@executable_path/Frameworks",
				);
				PRODUCT_BUNDLE_IDENTIFIER = de.idbSoftware.InstagramKloneApp;
				PRODUCT_NAME = "$(TARGET_NAME)";
				SWIFT_VERSION = 4.2;
				TARGETED_DEVICE_FAMILY = "1,2";
			};
			name = Debug;
		};
		B2B2B00D21ADEA60006E390E /* Release */ = {
			isa = XCBuildConfiguration;
			buildSettings = {
				ASSETCATALOG_COMPILER_APPICON_NAME = AppIcon;
				CODE_SIGN_STYLE = Automatic;
				DEVELOPMENT_TEAM = X73YKTXTQU;
				INFOPLIST_FILE = InstagramKloneApp/Info.plist;
				LD_RUNPATH_SEARCH_PATHS = (
					"$(inherited)",
					"@executable_path/Frameworks",
				);
				PRODUCT_BUNDLE_IDENTIFIER = de.idbSoftware.InstagramKloneApp;
				PRODUCT_NAME = "$(TARGET_NAME)";
				SWIFT_VERSION = 4.2;
				TARGETED_DEVICE_FAMILY = "1,2";
			};
			name = Release;
		};
/* End XCBuildConfiguration section */

/* Begin XCConfigurationList section */
		B2B2AFF421ADEA5E006E390E /* Build configuration list for PBXProject "InstagramKloneApp" */ = {
			isa = XCConfigurationList;
			buildConfigurations = (
				B2B2B00921ADEA60006E390E /* Debug */,
				B2B2B00A21ADEA60006E390E /* Release */,
			);
			defaultConfigurationIsVisible = 0;
			defaultConfigurationName = Release;
		};
		B2B2B00B21ADEA60006E390E /* Build configuration list for PBXNativeTarget "InstagramKloneApp" */ = {
			isa = XCConfigurationList;
			buildConfigurations = (
				B2B2B00C21ADEA60006E390E /* Debug */,
				B2B2B00D21ADEA60006E390E /* Release */,
			);
			defaultConfigurationIsVisible = 0;
			defaultConfigurationName = Release;
		};
/* End XCConfigurationList section */
	};
	rootObject = B2B2AFF121ADEA5E006E390E /* Project object */;
}
